// !$*UTF8*$!
{
	archiveVersion = 1;
	classes = {
	};
	objectVersion = 46;
	objects = {

/* Begin PBXBuildFile section */
		9435A4D417AEDCC700754D27 /* zephjs in CopyFiles */ = {isa = PBXBuildFile; fileRef = 9435A4D017AEDB3D00754D27 /* zephjs */; };
		943921BA1719B1EE00F63073 /* statusitem.png in Resources */ = {isa = PBXBuildFile; fileRef = 943921B61719B1EE00F63073 /* statusitem.png */; };
		943921BB1719B1EE00F63073 /* statusitem_pressed.png in Resources */ = {isa = PBXBuildFile; fileRef = 943921B71719B1EE00F63073 /* statusitem_pressed.png */; };
		943921BC1719B1EE00F63073 /* statusitem_pressed@2x.png in Resources */ = {isa = PBXBuildFile; fileRef = 943921B81719B1EE00F63073 /* statusitem_pressed@2x.png */; };
		943921BD1719B1EE00F63073 /* statusitem@2x.png in Resources */ = {isa = PBXBuildFile; fileRef = 943921B91719B1EE00F63073 /* statusitem@2x.png */; };
		943921BF1719B66C00F63073 /* windows.icns in Resources */ = {isa = PBXBuildFile; fileRef = 943921BE1719B66C00F63073 /* windows.icns */; };
		94454B33171B31AC003EF64E /* SDScreenProxy.m in Sources */ = {isa = PBXBuildFile; fileRef = 94454B32171B31AC003EF64E /* SDScreenProxy.m */; };
		94454B37171B4179003EF64E /* SDAlertWindowController.m in Sources */ = {isa = PBXBuildFile; fileRef = 94454B35171B4179003EF64E /* SDAlertWindowController.m */; };
		94454B38171B4179003EF64E /* AlertWindow.xib in Resources */ = {isa = PBXBuildFile; fileRef = 94454B36171B4179003EF64E /* AlertWindow.xib */; };
		94454B3F171B479B003EF64E /* QuartzCore.framework in Frameworks */ = {isa = PBXBuildFile; fileRef = 94454B3E171B479B003EF64E /* QuartzCore.framework */; };
		9458EC5017BA79610077CBB8 /* SDMouseFollower.m in Sources */ = {isa = PBXBuildFile; fileRef = 9458EC4F17BA79610077CBB8 /* SDMouseFollower.m */; };
		945AD7BD17A8692A00578BEB /* SDFuzzyMatcher.m in Sources */ = {isa = PBXBuildFile; fileRef = 945AD7B317A8692A00578BEB /* SDFuzzyMatcher.m */; };
		945AD7BE17A8692A00578BEB /* SDFuzzyMatcherWindow.xib in Resources */ = {isa = PBXBuildFile; fileRef = 945AD7B417A8692A00578BEB /* SDFuzzyMatcherWindow.xib */; };
		945AD7BF17A8692A00578BEB /* SDFuzzyMatcherWindowController.m in Sources */ = {isa = PBXBuildFile; fileRef = 945AD7B617A8692A00578BEB /* SDFuzzyMatcherWindowController.m */; };
		945AD7C017A8692A00578BEB /* SDChoiceTableView.m in Sources */ = {isa = PBXBuildFile; fileRef = 945AD7B817A8692A00578BEB /* SDChoiceTableView.m */; };
		945AD7C117A8692A00578BEB /* SDChoice.m in Sources */ = {isa = PBXBuildFile; fileRef = 945AD7BA17A8692A00578BEB /* SDChoice.m */; };
		945AD7C217A8692A00578BEB /* NSString+Score.m in Sources */ = {isa = PBXBuildFile; fileRef = 945AD7BC17A8692A00578BEB /* NSString+Score.m */; };
		9463D43417A77E2C00A3E905 /* SDGeometry.m in Sources */ = {isa = PBXBuildFile; fileRef = 9463D43317A77E2C00A3E905 /* SDGeometry.m */; };
		9466562217AFA5EE00B68607 /* ApplicationServices.framework in Frameworks */ = {isa = PBXBuildFile; fileRef = 9466562117AFA5EE00B68607 /* ApplicationServices.framework */; };
		946C596217B7CF6A0021A540 /* SDClient.m in Sources */ = {isa = PBXBuildFile; fileRef = 946C596117B7CF6A0021A540 /* SDClient.m */; };
		94779BD117A85CB000649169 /* Licenses in Resources */ = {isa = PBXBuildFile; fileRef = 94779BD017A85CB000649169 /* Licenses */; };
		947DC89317B9D18700F2128F /* SDClientProxy.m in Sources */ = {isa = PBXBuildFile; fileRef = 947DC89217B9D18700F2128F /* SDClientProxy.m */; };
		947DC89617B9D19F00F2128F /* SDTopLevelClientProxy.m in Sources */ = {isa = PBXBuildFile; fileRef = 947DC89517B9D19F00F2128F /* SDTopLevelClientProxy.m */; };
		947DC89917B9D1B800F2128F /* SDWindowClientProxy.m in Sources */ = {isa = PBXBuildFile; fileRef = 947DC89817B9D1B800F2128F /* SDWindowClientProxy.m */; };
		947DC89C17B9D1C100F2128F /* SDAppClientProxy.m in Sources */ = {isa = PBXBuildFile; fileRef = 947DC89B17B9D1C100F2128F /* SDAppClientProxy.m */; };
		947DC89F17B9D1D100F2128F /* SDScreenClientProxy.m in Sources */ = {isa = PBXBuildFile; fileRef = 947DC89E17B9D1D100F2128F /* SDScreenClientProxy.m */; };
		947DC99317A5BC990082D095 /* SDPreferencesWindowController.m in Sources */ = {isa = PBXBuildFile; fileRef = 947DC99117A5BC990082D095 /* SDPreferencesWindowController.m */; };
		947DC99417A5BC990082D095 /* SDPreferencesWindow.xib in Resources */ = {isa = PBXBuildFile; fileRef = 947DC99217A5BC990082D095 /* SDPreferencesWindow.xib */; };
		947DC99D17A5D0940082D095 /* SDPathWatcher.m in Sources */ = {isa = PBXBuildFile; fileRef = 947DC99C17A5D0940082D095 /* SDPathWatcher.m */; };
		947E995B171CF9DE006F30AC /* SDConfigLauncher.m in Sources */ = {isa = PBXBuildFile; fileRef = 947E995A171CF9DE006F30AC /* SDConfigLauncher.m */; };
		947E995F171D18B6006F30AC /* Credits.rtf in Resources */ = {isa = PBXBuildFile; fileRef = 947E995E171D18B6006F30AC /* Credits.rtf */; };
		94873F2E17191F40000AC0A6 /* Cocoa.framework in Frameworks */ = {isa = PBXBuildFile; fileRef = 94873F2D17191F40000AC0A6 /* Cocoa.framework */; };
		94873F3817191F40000AC0A6 /* InfoPlist.strings in Resources */ = {isa = PBXBuildFile; fileRef = 94873F3617191F40000AC0A6 /* InfoPlist.strings */; };
		94873F3A17191F40000AC0A6 /* main.m in Sources */ = {isa = PBXBuildFile; fileRef = 94873F3917191F40000AC0A6 /* main.m */; };
		94873F4117191F40000AC0A6 /* AppDelegate.m in Sources */ = {isa = PBXBuildFile; fileRef = 94873F4017191F40000AC0A6 /* AppDelegate.m */; };
		94873F4417191F40000AC0A6 /* MainMenu.xib in Resources */ = {isa = PBXBuildFile; fileRef = 94873F4217191F40000AC0A6 /* MainMenu.xib */; };
		94873F5917192096000AC0A6 /* MASShortcut.m in Sources */ = {isa = PBXBuildFile; fileRef = 94873F5017192096000AC0A6 /* MASShortcut.m */; };
		94873F5A17192096000AC0A6 /* MASShortcut+Monitoring.m in Sources */ = {isa = PBXBuildFile; fileRef = 94873F5217192096000AC0A6 /* MASShortcut+Monitoring.m */; };
		94873F5B17192096000AC0A6 /* MASShortcut+UserDefaults.m in Sources */ = {isa = PBXBuildFile; fileRef = 94873F5417192096000AC0A6 /* MASShortcut+UserDefaults.m */; };
		94873F5C17192096000AC0A6 /* MASShortcutView.m in Sources */ = {isa = PBXBuildFile; fileRef = 94873F5617192096000AC0A6 /* MASShortcutView.m */; };
		94873F5D17192096000AC0A6 /* MASShortcutView+UserDefaults.m in Sources */ = {isa = PBXBuildFile; fileRef = 94873F5817192096000AC0A6 /* MASShortcutView+UserDefaults.m */; };
		94873F60171920B4000AC0A6 /* Carbon.framework in Frameworks */ = {isa = PBXBuildFile; fileRef = 94873F5F171920B4000AC0A6 /* Carbon.framework */; };
		94873F67171929A0000AC0A6 /* SDHotKey.m in Sources */ = {isa = PBXBuildFile; fileRef = 94873F66171929A0000AC0A6 /* SDHotKey.m */; };
		94873F6A17193270000AC0A6 /* SDKeyBindingTranslator.m in Sources */ = {isa = PBXBuildFile; fileRef = 94873F6917193270000AC0A6 /* SDKeyBindingTranslator.m */; };
		94873F6D171937BC000AC0A6 /* SDWindowProxy.m in Sources */ = {isa = PBXBuildFile; fileRef = 94873F6C171937BC000AC0A6 /* SDWindowProxy.m */; };
		9495B45A17197396002C9EF5 /* SDUniversalAccessHelper.m in Sources */ = {isa = PBXBuildFile; fileRef = 9495B45917197396002C9EF5 /* SDUniversalAccessHelper.m */; };
		94B255A317A9AE0E008CFD26 /* GCDAsyncSocket.m in Sources */ = {isa = PBXBuildFile; fileRef = 94B255A217A9AE0E008CFD26 /* GCDAsyncSocket.m */; };
		94B255A517A9AF2A008CFD26 /* Security.framework in Frameworks */ = {isa = PBXBuildFile; fileRef = 94B255A417A9AF2A008CFD26 /* Security.framework */; };
		94B255A817A9B5D8008CFD26 /* SDClientListener.m in Sources */ = {isa = PBXBuildFile; fileRef = 94B255A717A9B5D8008CFD26 /* SDClientListener.m */; };
		94B255AB17A9B5E2008CFD26 /* SDClientBackend.m in Sources */ = {isa = PBXBuildFile; fileRef = 94B255AA17A9B5E2008CFD26 /* SDClientBackend.m */; };
		94BC236317BA150800BB4FDF /* SDBoxWindowController.m in Sources */ = {isa = PBXBuildFile; fileRef = 94BC236117BA150800BB4FDF /* SDBoxWindowController.m */; };
		94BC236417BA150800BB4FDF /* SDBoxWindow.xib in Resources */ = {isa = PBXBuildFile; fileRef = 94BC236217BA150800BB4FDF /* SDBoxWindow.xib */; };
		94D07FB61723B16900CF44E9 /* SDAppProxy.m in Sources */ = {isa = PBXBuildFile; fileRef = 94D07FB51723B16900CF44E9 /* SDAppProxy.m */; };
		94D07FBA1723BACB00CF44E9 /* SDAppStalker.m in Sources */ = {isa = PBXBuildFile; fileRef = 94D07FB91723BACB00CF44E9 /* SDAppStalker.m */; };
		94D07FBD1723C61C00CF44E9 /* SDEventListener.m in Sources */ = {isa = PBXBuildFile; fileRef = 94D07FBC1723C61C00CF44E9 /* SDEventListener.m */; };
		94D307FD1719FF0F00D392B1 /* SDOpenAtLogin.m in Sources */ = {isa = PBXBuildFile; fileRef = 94D307FC1719FF0F00D392B1 /* SDOpenAtLogin.m */; };
		94DAFB511719B98500526003 /* SDLogWindowController.m in Sources */ = {isa = PBXBuildFile; fileRef = 94DAFB501719B98500526003 /* SDLogWindowController.m */; };
		94DAFB531719B99A00526003 /* LogWindow.xib in Resources */ = {isa = PBXBuildFile; fileRef = 94DAFB521719B99A00526003 /* LogWindow.xib */; };
		94DC5FDD17ADAC3700274A92 /* SDShellCommand.m in Sources */ = {isa = PBXBuildFile; fileRef = 94DC5FDC17ADAC3700274A92 /* SDShellCommand.m */; };
		94E02EE417AB2496005AE3E8 /* libs in Resources */ = {isa = PBXBuildFile; fileRef = 94E02EE317AB2496005AE3E8 /* libs */; };
		94E02EE817AB462A005AE3E8 /* SDInsetHorizontalLine.m in Sources */ = {isa = PBXBuildFile; fileRef = 94E02EE717AB462A005AE3E8 /* SDInsetHorizontalLine.m */; };
		94E0964B171ED905002D8668 /* Sparkle.framework in Frameworks */ = {isa = PBXBuildFile; fileRef = 94E0964A171ED905002D8668 /* Sparkle.framework */; };
		94E0964C171ED9D6002D8668 /* Sparkle.framework in CopyFiles */ = {isa = PBXBuildFile; fileRef = 94E0964A171ED905002D8668 /* Sparkle.framework */; };
		94E0964E171EDBA6002D8668 /* dsa_pub.pem in Resources */ = {isa = PBXBuildFile; fileRef = 94E0964D171EDBA6002D8668 /* dsa_pub.pem */; };
		94FC98E517BB3A05006142AC /* IOKit.framework in Frameworks */ = {isa = PBXBuildFile; fileRef = 94FC98E417BB3A05006142AC /* IOKit.framework */; };
/* End PBXBuildFile section */

/* Begin PBXContainerItemProxy section */
		941CA64C17AFDA3C004B6E2A /* PBXContainerItemProxy */ = {
			isa = PBXContainerItemProxy;
			containerPortal = 9435A4CB17AEDB3C00754D27 /* zephjs.xcodeproj */;
			proxyType = 1;
			remoteGlobalIDString = 9435A4B917AEDB3C00754D27;
			remoteInfo = zephjs;
		};
		9435A4CF17AEDB3D00754D27 /* PBXContainerItemProxy */ = {
			isa = PBXContainerItemProxy;
			containerPortal = 9435A4CB17AEDB3C00754D27 /* zephjs.xcodeproj */;
			proxyType = 2;
			remoteGlobalIDString = 9435A4BA17AEDB3C00754D27;
			remoteInfo = zephjs;
		};
/* End PBXContainerItemProxy section */

/* Begin PBXCopyFilesBuildPhase section */
		9435A4D317AEDCC200754D27 /* CopyFiles */ = {
			isa = PBXCopyFilesBuildPhase;
			buildActionMask = 2147483647;
			dstPath = "";
			dstSubfolderSpec = 6;
			files = (
				9435A4D417AEDCC700754D27 /* zephjs in CopyFiles */,
			);
			runOnlyForDeploymentPostprocessing = 0;
		};
		94873F4C17192016000AC0A6 /* CopyFiles */ = {
			isa = PBXCopyFilesBuildPhase;
			buildActionMask = 2147483647;
			dstPath = "";
			dstSubfolderSpec = 10;
			files = (
				94E0964C171ED9D6002D8668 /* Sparkle.framework in CopyFiles */,
			);
			runOnlyForDeploymentPostprocessing = 0;
		};
/* End PBXCopyFilesBuildPhase section */

/* Begin PBXFileReference section */
		9435A4CB17AEDB3C00754D27 /* zephjs.xcodeproj */ = {isa = PBXFileReference; lastKnownFileType = "wrapper.pb-project"; name = zephjs.xcodeproj; path = zephjs/zephjs.xcodeproj; sourceTree = "<group>"; };
		943921B61719B1EE00F63073 /* statusitem.png */ = {isa = PBXFileReference; lastKnownFileType = image.png; path = statusitem.png; sourceTree = "<group>"; };
		943921B71719B1EE00F63073 /* statusitem_pressed.png */ = {isa = PBXFileReference; lastKnownFileType = image.png; path = statusitem_pressed.png; sourceTree = "<group>"; };
		943921B81719B1EE00F63073 /* statusitem_pressed@2x.png */ = {isa = PBXFileReference; lastKnownFileType = image.png; path = "statusitem_pressed@2x.png"; sourceTree = "<group>"; };
		943921B91719B1EE00F63073 /* statusitem@2x.png */ = {isa = PBXFileReference; lastKnownFileType = image.png; path = "statusitem@2x.png"; sourceTree = "<group>"; };
		943921BE1719B66C00F63073 /* windows.icns */ = {isa = PBXFileReference; lastKnownFileType = image.icns; name = windows.icns; path = "Graphics/app-icon/windows.icns"; sourceTree = SOURCE_ROOT; };
		94454B31171B31AC003EF64E /* SDScreenProxy.h */ = {isa = PBXFileReference; fileEncoding = 4; lastKnownFileType = sourcecode.c.h; path = SDScreenProxy.h; sourceTree = "<group>"; };
		94454B32171B31AC003EF64E /* SDScreenProxy.m */ = {isa = PBXFileReference; fileEncoding = 4; lastKnownFileType = sourcecode.c.objc; path = SDScreenProxy.m; sourceTree = "<group>"; };
		94454B34171B4179003EF64E /* SDAlertWindowController.h */ = {isa = PBXFileReference; fileEncoding = 4; lastKnownFileType = sourcecode.c.h; path = SDAlertWindowController.h; sourceTree = "<group>"; };
		94454B35171B4179003EF64E /* SDAlertWindowController.m */ = {isa = PBXFileReference; fileEncoding = 4; lastKnownFileType = sourcecode.c.objc; path = SDAlertWindowController.m; sourceTree = "<group>"; };
		94454B36171B4179003EF64E /* AlertWindow.xib */ = {isa = PBXFileReference; fileEncoding = 4; lastKnownFileType = file.xib; path = AlertWindow.xib; sourceTree = "<group>"; };
		94454B3E171B479B003EF64E /* QuartzCore.framework */ = {isa = PBXFileReference; lastKnownFileType = wrapper.framework; name = QuartzCore.framework; path = System/Library/Frameworks/QuartzCore.framework; sourceTree = SDKROOT; };
		9458EC4E17BA79610077CBB8 /* SDMouseFollower.h */ = {isa = PBXFileReference; fileEncoding = 4; lastKnownFileType = sourcecode.c.h; path = SDMouseFollower.h; sourceTree = "<group>"; };
		9458EC4F17BA79610077CBB8 /* SDMouseFollower.m */ = {isa = PBXFileReference; fileEncoding = 4; lastKnownFileType = sourcecode.c.objc; path = SDMouseFollower.m; sourceTree = "<group>"; };
		945AD7B217A8692A00578BEB /* SDFuzzyMatcher.h */ = {isa = PBXFileReference; fileEncoding = 4; lastKnownFileType = sourcecode.c.h; path = SDFuzzyMatcher.h; sourceTree = "<group>"; };
		945AD7B317A8692A00578BEB /* SDFuzzyMatcher.m */ = {isa = PBXFileReference; fileEncoding = 4; lastKnownFileType = sourcecode.c.objc; path = SDFuzzyMatcher.m; sourceTree = "<group>"; };
		945AD7B417A8692A00578BEB /* SDFuzzyMatcherWindow.xib */ = {isa = PBXFileReference; fileEncoding = 4; lastKnownFileType = file.xib; path = SDFuzzyMatcherWindow.xib; sourceTree = "<group>"; };
		945AD7B517A8692A00578BEB /* SDFuzzyMatcherWindowController.h */ = {isa = PBXFileReference; fileEncoding = 4; lastKnownFileType = sourcecode.c.h; path = SDFuzzyMatcherWindowController.h; sourceTree = "<group>"; };
		945AD7B617A8692A00578BEB /* SDFuzzyMatcherWindowController.m */ = {isa = PBXFileReference; fileEncoding = 4; lastKnownFileType = sourcecode.c.objc; path = SDFuzzyMatcherWindowController.m; sourceTree = "<group>"; };
		945AD7B717A8692A00578BEB /* SDChoiceTableView.h */ = {isa = PBXFileReference; fileEncoding = 4; lastKnownFileType = sourcecode.c.h; path = SDChoiceTableView.h; sourceTree = "<group>"; };
		945AD7B817A8692A00578BEB /* SDChoiceTableView.m */ = {isa = PBXFileReference; fileEncoding = 4; lastKnownFileType = sourcecode.c.objc; path = SDChoiceTableView.m; sourceTree = "<group>"; };
		945AD7B917A8692A00578BEB /* SDChoice.h */ = {isa = PBXFileReference; fileEncoding = 4; lastKnownFileType = sourcecode.c.h; path = SDChoice.h; sourceTree = "<group>"; };
		945AD7BA17A8692A00578BEB /* SDChoice.m */ = {isa = PBXFileReference; fileEncoding = 4; lastKnownFileType = sourcecode.c.objc; path = SDChoice.m; sourceTree = "<group>"; };
		945AD7BB17A8692A00578BEB /* NSString+Score.h */ = {isa = PBXFileReference; fileEncoding = 4; lastKnownFileType = sourcecode.c.h; path = "NSString+Score.h"; sourceTree = "<group>"; };
		945AD7BC17A8692A00578BEB /* NSString+Score.m */ = {isa = PBXFileReference; fileEncoding = 4; lastKnownFileType = sourcecode.c.objc; path = "NSString+Score.m"; sourceTree = "<group>"; };
		9463D43217A77E2C00A3E905 /* SDGeometry.h */ = {isa = PBXFileReference; fileEncoding = 4; lastKnownFileType = sourcecode.c.h; path = SDGeometry.h; sourceTree = "<group>"; };
		9463D43317A77E2C00A3E905 /* SDGeometry.m */ = {isa = PBXFileReference; fileEncoding = 4; lastKnownFileType = sourcecode.c.objc; path = SDGeometry.m; sourceTree = "<group>"; };
		9466561F17AFA58400B68607 /* HIToolbox.framework */ = {isa = PBXFileReference; lastKnownFileType = wrapper.framework; name = HIToolbox.framework; path = System/Library/Frameworks/Carbon.framework/Frameworks/HIToolbox.framework; sourceTree = SDKROOT; };
		9466562117AFA5EE00B68607 /* ApplicationServices.framework */ = {isa = PBXFileReference; lastKnownFileType = wrapper.framework; name = ApplicationServices.framework; path = System/Library/Frameworks/ApplicationServices.framework; sourceTree = SDKROOT; };
		946C596017B7CF6A0021A540 /* SDClient.h */ = {isa = PBXFileReference; fileEncoding = 4; lastKnownFileType = sourcecode.c.h; path = SDClient.h; sourceTree = "<group>"; };
		946C596117B7CF6A0021A540 /* SDClient.m */ = {isa = PBXFileReference; fileEncoding = 4; lastKnownFileType = sourcecode.c.objc; path = SDClient.m; sourceTree = "<group>"; };
		94779BD017A85CB000649169 /* Licenses */ = {isa = PBXFileReference; lastKnownFileType = folder; path = Licenses; sourceTree = SOURCE_ROOT; };
		947DC89117B9D18700F2128F /* SDClientProxy.h */ = {isa = PBXFileReference; fileEncoding = 4; lastKnownFileType = sourcecode.c.h; path = SDClientProxy.h; sourceTree = "<group>"; };
		947DC89217B9D18700F2128F /* SDClientProxy.m */ = {isa = PBXFileReference; fileEncoding = 4; lastKnownFileType = sourcecode.c.objc; path = SDClientProxy.m; sourceTree = "<group>"; };
		947DC89417B9D19F00F2128F /* SDTopLevelClientProxy.h */ = {isa = PBXFileReference; fileEncoding = 4; lastKnownFileType = sourcecode.c.h; path = SDTopLevelClientProxy.h; sourceTree = "<group>"; };
		947DC89517B9D19F00F2128F /* SDTopLevelClientProxy.m */ = {isa = PBXFileReference; fileEncoding = 4; lastKnownFileType = sourcecode.c.objc; path = SDTopLevelClientProxy.m; sourceTree = "<group>"; };
		947DC89717B9D1B800F2128F /* SDWindowClientProxy.h */ = {isa = PBXFileReference; fileEncoding = 4; lastKnownFileType = sourcecode.c.h; path = SDWindowClientProxy.h; sourceTree = "<group>"; };
		947DC89817B9D1B800F2128F /* SDWindowClientProxy.m */ = {isa = PBXFileReference; fileEncoding = 4; lastKnownFileType = sourcecode.c.objc; path = SDWindowClientProxy.m; sourceTree = "<group>"; };
		947DC89A17B9D1C100F2128F /* SDAppClientProxy.h */ = {isa = PBXFileReference; fileEncoding = 4; lastKnownFileType = sourcecode.c.h; path = SDAppClientProxy.h; sourceTree = "<group>"; };
		947DC89B17B9D1C100F2128F /* SDAppClientProxy.m */ = {isa = PBXFileReference; fileEncoding = 4; lastKnownFileType = sourcecode.c.objc; path = SDAppClientProxy.m; sourceTree = "<group>"; };
		947DC89D17B9D1D100F2128F /* SDScreenClientProxy.h */ = {isa = PBXFileReference; fileEncoding = 4; lastKnownFileType = sourcecode.c.h; path = SDScreenClientProxy.h; sourceTree = "<group>"; };
		947DC89E17B9D1D100F2128F /* SDScreenClientProxy.m */ = {isa = PBXFileReference; fileEncoding = 4; lastKnownFileType = sourcecode.c.objc; path = SDScreenClientProxy.m; sourceTree = "<group>"; };
		947DC99017A5BC990082D095 /* SDPreferencesWindowController.h */ = {isa = PBXFileReference; fileEncoding = 4; lastKnownFileType = sourcecode.c.h; path = SDPreferencesWindowController.h; sourceTree = "<group>"; };
		947DC99117A5BC990082D095 /* SDPreferencesWindowController.m */ = {isa = PBXFileReference; fileEncoding = 4; lastKnownFileType = sourcecode.c.objc; path = SDPreferencesWindowController.m; sourceTree = "<group>"; };
		947DC99217A5BC990082D095 /* SDPreferencesWindow.xib */ = {isa = PBXFileReference; fileEncoding = 4; lastKnownFileType = file.xib; path = SDPreferencesWindow.xib; sourceTree = "<group>"; };
		947DC99B17A5D0940082D095 /* SDPathWatcher.h */ = {isa = PBXFileReference; fileEncoding = 4; lastKnownFileType = sourcecode.c.h; path = SDPathWatcher.h; sourceTree = "<group>"; };
		947DC99C17A5D0940082D095 /* SDPathWatcher.m */ = {isa = PBXFileReference; fileEncoding = 4; lastKnownFileType = sourcecode.c.objc; path = SDPathWatcher.m; sourceTree = "<group>"; };
		947E9959171CF9DE006F30AC /* SDConfigLauncher.h */ = {isa = PBXFileReference; fileEncoding = 4; lastKnownFileType = sourcecode.c.h; path = SDConfigLauncher.h; sourceTree = "<group>"; };
		947E995A171CF9DE006F30AC /* SDConfigLauncher.m */ = {isa = PBXFileReference; fileEncoding = 4; lastKnownFileType = sourcecode.c.objc; path = SDConfigLauncher.m; sourceTree = "<group>"; };
		947E995E171D18B6006F30AC /* Credits.rtf */ = {isa = PBXFileReference; fileEncoding = 4; lastKnownFileType = text.rtf; name = Credits.rtf; path = Zephyros/Credits.rtf; sourceTree = "<group>"; };
		94873F2A17191F40000AC0A6 /* Zephyros.app */ = {isa = PBXFileReference; explicitFileType = wrapper.application; includeInIndex = 0; path = Zephyros.app; sourceTree = BUILT_PRODUCTS_DIR; };
		94873F2D17191F40000AC0A6 /* Cocoa.framework */ = {isa = PBXFileReference; lastKnownFileType = wrapper.framework; name = Cocoa.framework; path = System/Library/Frameworks/Cocoa.framework; sourceTree = SDKROOT; };
		94873F3017191F40000AC0A6 /* AppKit.framework */ = {isa = PBXFileReference; lastKnownFileType = wrapper.framework; name = AppKit.framework; path = System/Library/Frameworks/AppKit.framework; sourceTree = SDKROOT; };
		94873F3117191F40000AC0A6 /* CoreData.framework */ = {isa = PBXFileReference; lastKnownFileType = wrapper.framework; name = CoreData.framework; path = System/Library/Frameworks/CoreData.framework; sourceTree = SDKROOT; };
		94873F3217191F40000AC0A6 /* Foundation.framework */ = {isa = PBXFileReference; lastKnownFileType = wrapper.framework; name = Foundation.framework; path = System/Library/Frameworks/Foundation.framework; sourceTree = SDKROOT; };
		94873F3517191F40000AC0A6 /* Zephyros-Info.plist */ = {isa = PBXFileReference; lastKnownFileType = text.plist.xml; name = "Zephyros-Info.plist"; path = "Zephyros/Zephyros-Info.plist"; sourceTree = "<group>"; };
		94873F3717191F40000AC0A6 /* en */ = {isa = PBXFileReference; lastKnownFileType = text.plist.strings; name = en; path = en.lproj/InfoPlist.strings; sourceTree = "<group>"; };
		94873F3917191F40000AC0A6 /* main.m */ = {isa = PBXFileReference; lastKnownFileType = sourcecode.c.objc; path = main.m; sourceTree = "<group>"; };
		94873F3B17191F40000AC0A6 /* Zephyros-Prefix.pch */ = {isa = PBXFileReference; lastKnownFileType = sourcecode.c.h; path = "Zephyros-Prefix.pch"; sourceTree = "<group>"; };
		94873F3F17191F40000AC0A6 /* AppDelegate.h */ = {isa = PBXFileReference; lastKnownFileType = sourcecode.c.h; path = AppDelegate.h; sourceTree = "<group>"; };
		94873F4017191F40000AC0A6 /* AppDelegate.m */ = {isa = PBXFileReference; lastKnownFileType = sourcecode.c.objc; path = AppDelegate.m; sourceTree = "<group>"; };
		94873F4317191F40000AC0A6 /* en */ = {isa = PBXFileReference; lastKnownFileType = file.xib; name = en; path = en.lproj/MainMenu.xib; sourceTree = "<group>"; };
		94873F4F17192096000AC0A6 /* MASShortcut.h */ = {isa = PBXFileReference; fileEncoding = 4; lastKnownFileType = sourcecode.c.h; path = MASShortcut.h; sourceTree = "<group>"; };
		94873F5017192096000AC0A6 /* MASShortcut.m */ = {isa = PBXFileReference; fileEncoding = 4; lastKnownFileType = sourcecode.c.objc; path = MASShortcut.m; sourceTree = "<group>"; };
		94873F5117192096000AC0A6 /* MASShortcut+Monitoring.h */ = {isa = PBXFileReference; fileEncoding = 4; lastKnownFileType = sourcecode.c.h; path = "MASShortcut+Monitoring.h"; sourceTree = "<group>"; };
		94873F5217192096000AC0A6 /* MASShortcut+Monitoring.m */ = {isa = PBXFileReference; fileEncoding = 4; lastKnownFileType = sourcecode.c.objc; path = "MASShortcut+Monitoring.m"; sourceTree = "<group>"; };
		94873F5317192096000AC0A6 /* MASShortcut+UserDefaults.h */ = {isa = PBXFileReference; fileEncoding = 4; lastKnownFileType = sourcecode.c.h; path = "MASShortcut+UserDefaults.h"; sourceTree = "<group>"; };
		94873F5417192096000AC0A6 /* MASShortcut+UserDefaults.m */ = {isa = PBXFileReference; fileEncoding = 4; lastKnownFileType = sourcecode.c.objc; path = "MASShortcut+UserDefaults.m"; sourceTree = "<group>"; };
		94873F5517192096000AC0A6 /* MASShortcutView.h */ = {isa = PBXFileReference; fileEncoding = 4; lastKnownFileType = sourcecode.c.h; path = MASShortcutView.h; sourceTree = "<group>"; };
		94873F5617192096000AC0A6 /* MASShortcutView.m */ = {isa = PBXFileReference; fileEncoding = 4; lastKnownFileType = sourcecode.c.objc; path = MASShortcutView.m; sourceTree = "<group>"; };
		94873F5717192096000AC0A6 /* MASShortcutView+UserDefaults.h */ = {isa = PBXFileReference; fileEncoding = 4; lastKnownFileType = sourcecode.c.h; path = "MASShortcutView+UserDefaults.h"; sourceTree = "<group>"; };
		94873F5817192096000AC0A6 /* MASShortcutView+UserDefaults.m */ = {isa = PBXFileReference; fileEncoding = 4; lastKnownFileType = sourcecode.c.objc; path = "MASShortcutView+UserDefaults.m"; sourceTree = "<group>"; };
		94873F5F171920B4000AC0A6 /* Carbon.framework */ = {isa = PBXFileReference; lastKnownFileType = wrapper.framework; name = Carbon.framework; path = System/Library/Frameworks/Carbon.framework; sourceTree = SDKROOT; };
		94873F65171929A0000AC0A6 /* SDHotKey.h */ = {isa = PBXFileReference; fileEncoding = 4; lastKnownFileType = sourcecode.c.h; path = SDHotKey.h; sourceTree = "<group>"; };
		94873F66171929A0000AC0A6 /* SDHotKey.m */ = {isa = PBXFileReference; fileEncoding = 4; lastKnownFileType = sourcecode.c.objc; path = SDHotKey.m; sourceTree = "<group>"; };
		94873F6817193270000AC0A6 /* SDKeyBindingTranslator.h */ = {isa = PBXFileReference; fileEncoding = 4; lastKnownFileType = sourcecode.c.h; path = SDKeyBindingTranslator.h; sourceTree = "<group>"; };
		94873F6917193270000AC0A6 /* SDKeyBindingTranslator.m */ = {isa = PBXFileReference; fileEncoding = 4; lastKnownFileType = sourcecode.c.objc; path = SDKeyBindingTranslator.m; sourceTree = "<group>"; };
		94873F6B171937BC000AC0A6 /* SDWindowProxy.h */ = {isa = PBXFileReference; fileEncoding = 4; lastKnownFileType = sourcecode.c.h; path = SDWindowProxy.h; sourceTree = "<group>"; };
		94873F6C171937BC000AC0A6 /* SDWindowProxy.m */ = {isa = PBXFileReference; fileEncoding = 4; lastKnownFileType = sourcecode.c.objc; path = SDWindowProxy.m; sourceTree = "<group>"; };
		9495B45817197396002C9EF5 /* SDUniversalAccessHelper.h */ = {isa = PBXFileReference; fileEncoding = 4; lastKnownFileType = sourcecode.c.h; path = SDUniversalAccessHelper.h; sourceTree = "<group>"; };
		9495B45917197396002C9EF5 /* SDUniversalAccessHelper.m */ = {isa = PBXFileReference; fileEncoding = 4; lastKnownFileType = sourcecode.c.objc; path = SDUniversalAccessHelper.m; sourceTree = "<group>"; };
		94B255A117A9AE0E008CFD26 /* GCDAsyncSocket.h */ = {isa = PBXFileReference; fileEncoding = 4; lastKnownFileType = sourcecode.c.h; path = GCDAsyncSocket.h; sourceTree = "<group>"; };
		94B255A217A9AE0E008CFD26 /* GCDAsyncSocket.m */ = {isa = PBXFileReference; fileEncoding = 4; lastKnownFileType = sourcecode.c.objc; path = GCDAsyncSocket.m; sourceTree = "<group>"; };
		94B255A417A9AF2A008CFD26 /* Security.framework */ = {isa = PBXFileReference; lastKnownFileType = wrapper.framework; name = Security.framework; path = System/Library/Frameworks/Security.framework; sourceTree = SDKROOT; };
		94B255A617A9B5D8008CFD26 /* SDClientListener.h */ = {isa = PBXFileReference; fileEncoding = 4; lastKnownFileType = sourcecode.c.h; path = SDClientListener.h; sourceTree = "<group>"; };
		94B255A717A9B5D8008CFD26 /* SDClientListener.m */ = {isa = PBXFileReference; fileEncoding = 4; lastKnownFileType = sourcecode.c.objc; path = SDClientListener.m; sourceTree = "<group>"; };
		94B255A917A9B5E2008CFD26 /* SDClientBackend.h */ = {isa = PBXFileReference; fileEncoding = 4; lastKnownFileType = sourcecode.c.h; path = SDClientBackend.h; sourceTree = "<group>"; };
		94B255AA17A9B5E2008CFD26 /* SDClientBackend.m */ = {isa = PBXFileReference; fileEncoding = 4; lastKnownFileType = sourcecode.c.objc; path = SDClientBackend.m; sourceTree = "<group>"; };
		94BC236017BA150800BB4FDF /* SDBoxWindowController.h */ = {isa = PBXFileReference; fileEncoding = 4; lastKnownFileType = sourcecode.c.h; path = SDBoxWindowController.h; sourceTree = "<group>"; };
		94BC236117BA150800BB4FDF /* SDBoxWindowController.m */ = {isa = PBXFileReference; fileEncoding = 4; lastKnownFileType = sourcecode.c.objc; path = SDBoxWindowController.m; sourceTree = "<group>"; };
		94BC236217BA150800BB4FDF /* SDBoxWindow.xib */ = {isa = PBXFileReference; fileEncoding = 4; lastKnownFileType = file.xib; path = SDBoxWindow.xib; sourceTree = "<group>"; };
		94D07FB41723B16900CF44E9 /* SDAppProxy.h */ = {isa = PBXFileReference; fileEncoding = 4; lastKnownFileType = sourcecode.c.h; path = SDAppProxy.h; sourceTree = "<group>"; };
		94D07FB51723B16900CF44E9 /* SDAppProxy.m */ = {isa = PBXFileReference; fileEncoding = 4; lastKnownFileType = sourcecode.c.objc; path = SDAppProxy.m; sourceTree = "<group>"; };
		94D07FB81723BACB00CF44E9 /* SDAppStalker.h */ = {isa = PBXFileReference; fileEncoding = 4; lastKnownFileType = sourcecode.c.h; path = SDAppStalker.h; sourceTree = "<group>"; };
		94D07FB91723BACB00CF44E9 /* SDAppStalker.m */ = {isa = PBXFileReference; fileEncoding = 4; lastKnownFileType = sourcecode.c.objc; path = SDAppStalker.m; sourceTree = "<group>"; };
		94D07FBB1723C61C00CF44E9 /* SDEventListener.h */ = {isa = PBXFileReference; fileEncoding = 4; lastKnownFileType = sourcecode.c.h; path = SDEventListener.h; sourceTree = "<group>"; };
		94D07FBC1723C61C00CF44E9 /* SDEventListener.m */ = {isa = PBXFileReference; fileEncoding = 4; lastKnownFileType = sourcecode.c.objc; path = SDEventListener.m; sourceTree = "<group>"; };
		94D307FB1719FF0F00D392B1 /* SDOpenAtLogin.h */ = {isa = PBXFileReference; fileEncoding = 4; lastKnownFileType = sourcecode.c.h; path = SDOpenAtLogin.h; sourceTree = "<group>"; };
		94D307FC1719FF0F00D392B1 /* SDOpenAtLogin.m */ = {isa = PBXFileReference; fileEncoding = 4; lastKnownFileType = sourcecode.c.objc; path = SDOpenAtLogin.m; sourceTree = "<group>"; };
		94DAFB4F1719B98500526003 /* SDLogWindowController.h */ = {isa = PBXFileReference; fileEncoding = 4; lastKnownFileType = sourcecode.c.h; path = SDLogWindowController.h; sourceTree = "<group>"; };
		94DAFB501719B98500526003 /* SDLogWindowController.m */ = {isa = PBXFileReference; fileEncoding = 4; lastKnownFileType = sourcecode.c.objc; path = SDLogWindowController.m; sourceTree = "<group>"; };
		94DAFB521719B99A00526003 /* LogWindow.xib */ = {isa = PBXFileReference; fileEncoding = 4; lastKnownFileType = file.xib; path = LogWindow.xib; sourceTree = "<group>"; };
		94DC5FDB17ADAC3700274A92 /* SDShellCommand.h */ = {isa = PBXFileReference; fileEncoding = 4; lastKnownFileType = sourcecode.c.h; path = SDShellCommand.h; sourceTree = "<group>"; };
		94DC5FDC17ADAC3700274A92 /* SDShellCommand.m */ = {isa = PBXFileReference; fileEncoding = 4; lastKnownFileType = sourcecode.c.objc; path = SDShellCommand.m; sourceTree = "<group>"; };
		94E02EE317AB2496005AE3E8 /* libs */ = {isa = PBXFileReference; lastKnownFileType = folder; path = libs; sourceTree = SOURCE_ROOT; };
		94E02EE617AB462A005AE3E8 /* SDInsetHorizontalLine.h */ = {isa = PBXFileReference; fileEncoding = 4; lastKnownFileType = sourcecode.c.h; path = SDInsetHorizontalLine.h; sourceTree = "<group>"; };
		94E02EE717AB462A005AE3E8 /* SDInsetHorizontalLine.m */ = {isa = PBXFileReference; fileEncoding = 4; lastKnownFileType = sourcecode.c.objc; path = SDInsetHorizontalLine.m; sourceTree = "<group>"; };
		94E0964A171ED905002D8668 /* Sparkle.framework */ = {isa = PBXFileReference; lastKnownFileType = wrapper.framework; name = Sparkle.framework; path = ThirdParty/Sparkle.framework; sourceTree = "<group>"; };
		94E0964D171EDBA6002D8668 /* dsa_pub.pem */ = {isa = PBXFileReference; fileEncoding = 4; lastKnownFileType = text; name = dsa_pub.pem; path = AutoUpdating/dsa_pub.pem; sourceTree = SOURCE_ROOT; };
		94FC98E417BB3A05006142AC /* IOKit.framework */ = {isa = PBXFileReference; lastKnownFileType = wrapper.framework; name = IOKit.framework; path = System/Library/Frameworks/IOKit.framework; sourceTree = SDKROOT; };
/* End PBXFileReference section */

/* Begin PBXFrameworksBuildPhase section */
		94873F2717191F40000AC0A6 /* Frameworks */ = {
			isa = PBXFrameworksBuildPhase;
			buildActionMask = 2147483647;
			files = (
				94FC98E517BB3A05006142AC /* IOKit.framework in Frameworks */,
				9466562217AFA5EE00B68607 /* ApplicationServices.framework in Frameworks */,
				94B255A517A9AF2A008CFD26 /* Security.framework in Frameworks */,
				94454B3F171B479B003EF64E /* QuartzCore.framework in Frameworks */,
				94873F60171920B4000AC0A6 /* Carbon.framework in Frameworks */,
				94873F2E17191F40000AC0A6 /* Cocoa.framework in Frameworks */,
				94E0964B171ED905002D8668 /* Sparkle.framework in Frameworks */,
			);
			runOnlyForDeploymentPostprocessing = 0;
		};
/* End PBXFrameworksBuildPhase section */

/* Begin PBXGroup section */
		9435A4CC17AEDB3C00754D27 /* Products */ = {
			isa = PBXGroup;
			children = (
				9435A4D017AEDB3D00754D27 /* zephjs */,
			);
			name = Products;
			sourceTree = "<group>";
		};
		943921B41719AF5900F63073 /* sigh */ = {
			isa = PBXGroup;
			children = (
				9463D43217A77E2C00A3E905 /* SDGeometry.h */,
				9463D43317A77E2C00A3E905 /* SDGeometry.m */,
			);
			name = sigh;
			sourceTree = "<group>";
		};
		943921B51719B1E600F63073 /* Graphics */ = {
			isa = PBXGroup;
			children = (
				943921BE1719B66C00F63073 /* windows.icns */,
				943921B61719B1EE00F63073 /* statusitem.png */,
				943921B71719B1EE00F63073 /* statusitem_pressed.png */,
				943921B81719B1EE00F63073 /* statusitem_pressed@2x.png */,
				943921B91719B1EE00F63073 /* statusitem@2x.png */,
			);
			name = Graphics;
			sourceTree = "<group>";
		};
		945AD7A017A866FE00578BEB /* Fuzzy Matcher */ = {
			isa = PBXGroup;
			children = (
				945AD7B217A8692A00578BEB /* SDFuzzyMatcher.h */,
				945AD7B317A8692A00578BEB /* SDFuzzyMatcher.m */,
				945AD7B417A8692A00578BEB /* SDFuzzyMatcherWindow.xib */,
				945AD7B517A8692A00578BEB /* SDFuzzyMatcherWindowController.h */,
				945AD7B617A8692A00578BEB /* SDFuzzyMatcherWindowController.m */,
				945AD7B717A8692A00578BEB /* SDChoiceTableView.h */,
				945AD7B817A8692A00578BEB /* SDChoiceTableView.m */,
				945AD7B917A8692A00578BEB /* SDChoice.h */,
				945AD7BA17A8692A00578BEB /* SDChoice.m */,
				945AD7BB17A8692A00578BEB /* NSString+Score.h */,
				945AD7BC17A8692A00578BEB /* NSString+Score.m */,
			);
			name = "Fuzzy Matcher";
			sourceTree = "<group>";
		};
		947DC89017B9D17A00F2128F /* Client Proxies */ = {
			isa = PBXGroup;
			children = (
				947DC89417B9D19F00F2128F /* SDTopLevelClientProxy.h */,
				947DC89517B9D19F00F2128F /* SDTopLevelClientProxy.m */,
				947DC89717B9D1B800F2128F /* SDWindowClientProxy.h */,
				947DC89817B9D1B800F2128F /* SDWindowClientProxy.m */,
				947DC89A17B9D1C100F2128F /* SDAppClientProxy.h */,
				947DC89B17B9D1C100F2128F /* SDAppClientProxy.m */,
				947DC89D17B9D1D100F2128F /* SDScreenClientProxy.h */,
				947DC89E17B9D1D100F2128F /* SDScreenClientProxy.m */,
			);
			name = "Client Proxies";
			sourceTree = "<group>";
		};
		947DC98B17A5B9400082D095 /* Events */ = {
			isa = PBXGroup;
			children = (
				94D07FB81723BACB00CF44E9 /* SDAppStalker.h */,
				94D07FB91723BACB00CF44E9 /* SDAppStalker.m */,
				94D07FBB1723C61C00CF44E9 /* SDEventListener.h */,
				94D07FBC1723C61C00CF44E9 /* SDEventListener.m */,
				9458EC4E17BA79610077CBB8 /* SDMouseFollower.h */,
				9458EC4F17BA79610077CBB8 /* SDMouseFollower.m */,
			);
			name = Events;
			sourceTree = "<group>";
		};
		947DC99517A5BCA90082D095 /* Preferences */ = {
			isa = PBXGroup;
			children = (
				947DC99217A5BC990082D095 /* SDPreferencesWindow.xib */,
				947DC99017A5BC990082D095 /* SDPreferencesWindowController.h */,
				947DC99117A5BC990082D095 /* SDPreferencesWindowController.m */,
			);
			name = Preferences;
			sourceTree = "<group>";
		};
		947DC99617A5BCD30082D095 /* Log Window */ = {
			isa = PBXGroup;
			children = (
				94DAFB521719B99A00526003 /* LogWindow.xib */,
				94DAFB4F1719B98500526003 /* SDLogWindowController.h */,
				94DAFB501719B98500526003 /* SDLogWindowController.m */,
			);
			name = "Log Window";
			sourceTree = "<group>";
		};
		94873F2117191F40000AC0A6 = {
			isa = PBXGroup;
			children = (
				9435A4CB17AEDB3C00754D27 /* zephjs.xcodeproj */,
				94873F3517191F40000AC0A6 /* Zephyros-Info.plist */,
				947E995E171D18B6006F30AC /* Credits.rtf */,
				94873F3317191F40000AC0A6 /* Zephyros */,
				94873F2C17191F40000AC0A6 /* Frameworks */,
				94873F2B17191F40000AC0A6 /* Products */,
			);
			sourceTree = "<group>";
		};
		94873F2B17191F40000AC0A6 /* Products */ = {
			isa = PBXGroup;
			children = (
				94873F2A17191F40000AC0A6 /* Zephyros.app */,
			);
			name = Products;
			sourceTree = "<group>";
		};
		94873F2C17191F40000AC0A6 /* Frameworks */ = {
			isa = PBXGroup;
			children = (
				94FC98E417BB3A05006142AC /* IOKit.framework */,
				9466562117AFA5EE00B68607 /* ApplicationServices.framework */,
				9466561F17AFA58400B68607 /* HIToolbox.framework */,
				94B255A417A9AF2A008CFD26 /* Security.framework */,
				94E0964A171ED905002D8668 /* Sparkle.framework */,
				94454B3E171B479B003EF64E /* QuartzCore.framework */,
				94873F5F171920B4000AC0A6 /* Carbon.framework */,
				94873F2D17191F40000AC0A6 /* Cocoa.framework */,
				94873F2F17191F40000AC0A6 /* Other Frameworks */,
			);
			name = Frameworks;
			sourceTree = "<group>";
		};
		94873F2F17191F40000AC0A6 /* Other Frameworks */ = {
			isa = PBXGroup;
			children = (
				94873F3017191F40000AC0A6 /* AppKit.framework */,
				94873F3117191F40000AC0A6 /* CoreData.framework */,
				94873F3217191F40000AC0A6 /* Foundation.framework */,
			);
			name = "Other Frameworks";
			sourceTree = "<group>";
		};
		94873F3317191F40000AC0A6 /* Zephyros */ = {
			isa = PBXGroup;
			children = (
				94873F4217191F40000AC0A6 /* MainMenu.xib */,
				94873F3F17191F40000AC0A6 /* AppDelegate.h */,
				94873F4017191F40000AC0A6 /* AppDelegate.m */,
				94E02EE217AB1D19005AE3E8 /* Clients */,
				947DC89017B9D17A00F2128F /* Client Proxies */,
				945AD7A017A866FE00578BEB /* Fuzzy Matcher */,
				947DC99517A5BCA90082D095 /* Preferences */,
				947DC99617A5BCD30082D095 /* Log Window */,
				94873F611719222D000AC0A6 /* Alert Window */,
				94BC235F17BA14F500BB4FDF /* Box */,
				94D07FB71723BAAE00CF44E9 /* Proxies */,
				94E02EE017AB1B14005AE3E8 /* Hot keys */,
				947DC98B17A5B9400082D095 /* Events */,
				94E02EEE17AB536D005AE3E8 /* Launcher */,
				943921B41719AF5900F63073 /* sigh */,
				94873F6417192987000AC0A6 /* Helpers */,
				943921B51719B1E600F63073 /* Graphics */,
				94873F631719223F000AC0A6 /* Third Party */,
				94873F3417191F40000AC0A6 /* Supporting Files */,
				94E02EE317AB2496005AE3E8 /* libs */,
			);
			path = Zephyros;
			sourceTree = "<group>";
		};
		94873F3417191F40000AC0A6 /* Supporting Files */ = {
			isa = PBXGroup;
			children = (
				94779BD017A85CB000649169 /* Licenses */,
				94E0964D171EDBA6002D8668 /* dsa_pub.pem */,
				94873F3617191F40000AC0A6 /* InfoPlist.strings */,
				94873F3917191F40000AC0A6 /* main.m */,
				94873F3B17191F40000AC0A6 /* Zephyros-Prefix.pch */,
			);
			name = "Supporting Files";
			sourceTree = "<group>";
		};
		94873F5E1719209B000AC0A6 /* Global Shortcuts */ = {
			isa = PBXGroup;
			children = (
				94873F4F17192096000AC0A6 /* MASShortcut.h */,
				94873F5017192096000AC0A6 /* MASShortcut.m */,
				94873F5117192096000AC0A6 /* MASShortcut+Monitoring.h */,
				94873F5217192096000AC0A6 /* MASShortcut+Monitoring.m */,
				94873F5317192096000AC0A6 /* MASShortcut+UserDefaults.h */,
				94873F5417192096000AC0A6 /* MASShortcut+UserDefaults.m */,
				94873F5517192096000AC0A6 /* MASShortcutView.h */,
				94873F5617192096000AC0A6 /* MASShortcutView.m */,
				94873F5717192096000AC0A6 /* MASShortcutView+UserDefaults.h */,
				94873F5817192096000AC0A6 /* MASShortcutView+UserDefaults.m */,
			);
			name = "Global Shortcuts";
			path = ../ThirdParty/MASShortcut;
			sourceTree = "<group>";
		};
		94873F611719222D000AC0A6 /* Alert Window */ = {
			isa = PBXGroup;
			children = (
				94454B36171B4179003EF64E /* AlertWindow.xib */,
				94454B34171B4179003EF64E /* SDAlertWindowController.h */,
				94454B35171B4179003EF64E /* SDAlertWindowController.m */,
			);
			name = "Alert Window";
			sourceTree = "<group>";
		};
		94873F631719223F000AC0A6 /* Third Party */ = {
			isa = PBXGroup;
			children = (
				94E02EE517AB4619005AE3E8 /* Inset Horizontal Line */,
				94E02EE117AB1BAF005AE3E8 /* AsyncSocket */,
				94873F5E1719209B000AC0A6 /* Global Shortcuts */,
			);
			name = "Third Party";
			sourceTree = "<group>";
		};
		94873F6417192987000AC0A6 /* Helpers */ = {
			isa = PBXGroup;
			children = (
				94873F6817193270000AC0A6 /* SDKeyBindingTranslator.h */,
				94873F6917193270000AC0A6 /* SDKeyBindingTranslator.m */,
				9495B45817197396002C9EF5 /* SDUniversalAccessHelper.h */,
				9495B45917197396002C9EF5 /* SDUniversalAccessHelper.m */,
				94D307FB1719FF0F00D392B1 /* SDOpenAtLogin.h */,
				94D307FC1719FF0F00D392B1 /* SDOpenAtLogin.m */,
			);
			name = Helpers;
			sourceTree = "<group>";
		};
		94BC235F17BA14F500BB4FDF /* Box */ = {
			isa = PBXGroup;
			children = (
				94BC236217BA150800BB4FDF /* SDBoxWindow.xib */,
				94BC236017BA150800BB4FDF /* SDBoxWindowController.h */,
				94BC236117BA150800BB4FDF /* SDBoxWindowController.m */,
			);
			name = Box;
			sourceTree = "<group>";
		};
		94D07FB71723BAAE00CF44E9 /* Proxies */ = {
			isa = PBXGroup;
			children = (
				94873F6B171937BC000AC0A6 /* SDWindowProxy.h */,
				94873F6C171937BC000AC0A6 /* SDWindowProxy.m */,
				94454B31171B31AC003EF64E /* SDScreenProxy.h */,
				94454B32171B31AC003EF64E /* SDScreenProxy.m */,
				94D07FB41723B16900CF44E9 /* SDAppProxy.h */,
				94D07FB51723B16900CF44E9 /* SDAppProxy.m */,
			);
			name = Proxies;
			sourceTree = "<group>";
		};
		94E02EE017AB1B14005AE3E8 /* Hot keys */ = {
			isa = PBXGroup;
			children = (
				94873F65171929A0000AC0A6 /* SDHotKey.h */,
				94873F66171929A0000AC0A6 /* SDHotKey.m */,
			);
			name = "Hot keys";
			sourceTree = "<group>";
		};
		94E02EE117AB1BAF005AE3E8 /* AsyncSocket */ = {
			isa = PBXGroup;
			children = (
				94B255A117A9AE0E008CFD26 /* GCDAsyncSocket.h */,
				94B255A217A9AE0E008CFD26 /* GCDAsyncSocket.m */,
			);
			name = AsyncSocket;
			sourceTree = "<group>";
		};
		94E02EE217AB1D19005AE3E8 /* Clients */ = {
			isa = PBXGroup;
			children = (
				94B255A617A9B5D8008CFD26 /* SDClientListener.h */,
				94B255A717A9B5D8008CFD26 /* SDClientListener.m */,
				94B255A917A9B5E2008CFD26 /* SDClientBackend.h */,
				94B255AA17A9B5E2008CFD26 /* SDClientBackend.m */,
				946C596017B7CF6A0021A540 /* SDClient.h */,
				946C596117B7CF6A0021A540 /* SDClient.m */,
				947DC89117B9D18700F2128F /* SDClientProxy.h */,
				947DC89217B9D18700F2128F /* SDClientProxy.m */,
			);
			name = Clients;
			sourceTree = "<group>";
		};
		94E02EE517AB4619005AE3E8 /* Inset Horizontal Line */ = {
			isa = PBXGroup;
			children = (
				94E02EE617AB462A005AE3E8 /* SDInsetHorizontalLine.h */,
				94E02EE717AB462A005AE3E8 /* SDInsetHorizontalLine.m */,
			);
			name = "Inset Horizontal Line";
			sourceTree = "<group>";
		};
		94E02EEE17AB536D005AE3E8 /* Launcher */ = {
			isa = PBXGroup;
			children = (
				947E9959171CF9DE006F30AC /* SDConfigLauncher.h */,
				947E995A171CF9DE006F30AC /* SDConfigLauncher.m */,
				947DC99B17A5D0940082D095 /* SDPathWatcher.h */,
				947DC99C17A5D0940082D095 /* SDPathWatcher.m */,
				94DC5FDB17ADAC3700274A92 /* SDShellCommand.h */,
				94DC5FDC17ADAC3700274A92 /* SDShellCommand.m */,
			);
			name = Launcher;
			sourceTree = "<group>";
		};
/* End PBXGroup section */

/* Begin PBXNativeTarget section */
		94873F2917191F40000AC0A6 /* Zephyros */ = {
			isa = PBXNativeTarget;
			buildConfigurationList = 94873F4717191F40000AC0A6 /* Build configuration list for PBXNativeTarget "Zephyros" */;
			buildPhases = (
				94873F2617191F40000AC0A6 /* Sources */,
				94873F2717191F40000AC0A6 /* Frameworks */,
				94873F2817191F40000AC0A6 /* Resources */,
				94873F4C17192016000AC0A6 /* CopyFiles */,
				9435A4D317AEDCC200754D27 /* CopyFiles */,
			);
			buildRules = (
			);
			dependencies = (
				941CA64D17AFDA3C004B6E2A /* PBXTargetDependency */,
			);
			name = Zephyros;
			productName = Windows;
			productReference = 94873F2A17191F40000AC0A6 /* Zephyros.app */;
			productType = "com.apple.product-type.application";
		};
/* End PBXNativeTarget section */

/* Begin PBXProject section */
		94873F2217191F40000AC0A6 /* Project object */ = {
			isa = PBXProject;
			attributes = {
				LastUpgradeCheck = 0460;
				ORGANIZATIONNAME = "Giant Robot Software";
			};
			buildConfigurationList = 94873F2517191F40000AC0A6 /* Build configuration list for PBXProject "Zephyros" */;
			compatibilityVersion = "Xcode 3.2";
			developmentRegion = English;
			hasScannedForEncodings = 0;
			knownRegions = (
				en,
			);
			mainGroup = 94873F2117191F40000AC0A6;
			productRefGroup = 94873F2B17191F40000AC0A6 /* Products */;
			projectDirPath = "";
			projectReferences = (
				{
					ProductGroup = 9435A4CC17AEDB3C00754D27 /* Products */;
					ProjectRef = 9435A4CB17AEDB3C00754D27 /* zephjs.xcodeproj */;
				},
			);
			projectRoot = "";
			targets = (
				94873F2917191F40000AC0A6 /* Zephyros */,
			);
		};
/* End PBXProject section */

/* Begin PBXReferenceProxy section */
		9435A4D017AEDB3D00754D27 /* zephjs */ = {
			isa = PBXReferenceProxy;
			fileType = "compiled.mach-o.executable";
			path = zephjs;
			remoteRef = 9435A4CF17AEDB3D00754D27 /* PBXContainerItemProxy */;
			sourceTree = BUILT_PRODUCTS_DIR;
		};
/* End PBXReferenceProxy section */

/* Begin PBXResourcesBuildPhase section */
		94873F2817191F40000AC0A6 /* Resources */ = {
			isa = PBXResourcesBuildPhase;
			buildActionMask = 2147483647;
			files = (
				94873F3817191F40000AC0A6 /* InfoPlist.strings in Resources */,
				94873F4417191F40000AC0A6 /* MainMenu.xib in Resources */,
				943921BA1719B1EE00F63073 /* statusitem.png in Resources */,
				943921BB1719B1EE00F63073 /* statusitem_pressed.png in Resources */,
				943921BC1719B1EE00F63073 /* statusitem_pressed@2x.png in Resources */,
				943921BD1719B1EE00F63073 /* statusitem@2x.png in Resources */,
				943921BF1719B66C00F63073 /* windows.icns in Resources */,
				94DAFB531719B99A00526003 /* LogWindow.xib in Resources */,
				94454B38171B4179003EF64E /* AlertWindow.xib in Resources */,
				947E995F171D18B6006F30AC /* Credits.rtf in Resources */,
				94E0964E171EDBA6002D8668 /* dsa_pub.pem in Resources */,
				947DC99417A5BC990082D095 /* SDPreferencesWindow.xib in Resources */,
				94779BD117A85CB000649169 /* Licenses in Resources */,
				945AD7BE17A8692A00578BEB /* SDFuzzyMatcherWindow.xib in Resources */,
				94E02EE417AB2496005AE3E8 /* libs in Resources */,
				94BC236417BA150800BB4FDF /* SDBoxWindow.xib in Resources */,
			);
			runOnlyForDeploymentPostprocessing = 0;
		};
/* End PBXResourcesBuildPhase section */

/* Begin PBXSourcesBuildPhase section */
		94873F2617191F40000AC0A6 /* Sources */ = {
			isa = PBXSourcesBuildPhase;
			buildActionMask = 2147483647;
			files = (
				94873F3A17191F40000AC0A6 /* main.m in Sources */,
				94873F4117191F40000AC0A6 /* AppDelegate.m in Sources */,
				94873F5917192096000AC0A6 /* MASShortcut.m in Sources */,
				94873F5A17192096000AC0A6 /* MASShortcut+Monitoring.m in Sources */,
				94873F5B17192096000AC0A6 /* MASShortcut+UserDefaults.m in Sources */,
				94873F5C17192096000AC0A6 /* MASShortcutView.m in Sources */,
				94873F5D17192096000AC0A6 /* MASShortcutView+UserDefaults.m in Sources */,
				94873F67171929A0000AC0A6 /* SDHotKey.m in Sources */,
				94873F6A17193270000AC0A6 /* SDKeyBindingTranslator.m in Sources */,
				94873F6D171937BC000AC0A6 /* SDWindowProxy.m in Sources */,
				9495B45A17197396002C9EF5 /* SDUniversalAccessHelper.m in Sources */,
				94DAFB511719B98500526003 /* SDLogWindowController.m in Sources */,
				94D307FD1719FF0F00D392B1 /* SDOpenAtLogin.m in Sources */,
				94454B33171B31AC003EF64E /* SDScreenProxy.m in Sources */,
				94454B37171B4179003EF64E /* SDAlertWindowController.m in Sources */,
				947E995B171CF9DE006F30AC /* SDConfigLauncher.m in Sources */,
				94D07FB61723B16900CF44E9 /* SDAppProxy.m in Sources */,
				94D07FBA1723BACB00CF44E9 /* SDAppStalker.m in Sources */,
				94D07FBD1723C61C00CF44E9 /* SDEventListener.m in Sources */,
				947DC99317A5BC990082D095 /* SDPreferencesWindowController.m in Sources */,
				947DC99D17A5D0940082D095 /* SDPathWatcher.m in Sources */,
				9463D43417A77E2C00A3E905 /* SDGeometry.m in Sources */,
				945AD7BD17A8692A00578BEB /* SDFuzzyMatcher.m in Sources */,
				945AD7BF17A8692A00578BEB /* SDFuzzyMatcherWindowController.m in Sources */,
				945AD7C017A8692A00578BEB /* SDChoiceTableView.m in Sources */,
				945AD7C117A8692A00578BEB /* SDChoice.m in Sources */,
				945AD7C217A8692A00578BEB /* NSString+Score.m in Sources */,
				94B255A317A9AE0E008CFD26 /* GCDAsyncSocket.m in Sources */,
				94B255A817A9B5D8008CFD26 /* SDClientListener.m in Sources */,
				94B255AB17A9B5E2008CFD26 /* SDClientBackend.m in Sources */,
				94E02EE817AB462A005AE3E8 /* SDInsetHorizontalLine.m in Sources */,
				94DC5FDD17ADAC3700274A92 /* SDShellCommand.m in Sources */,
				946C596217B7CF6A0021A540 /* SDClient.m in Sources */,
				947DC89317B9D18700F2128F /* SDClientProxy.m in Sources */,
				947DC89617B9D19F00F2128F /* SDTopLevelClientProxy.m in Sources */,
				947DC89917B9D1B800F2128F /* SDWindowClientProxy.m in Sources */,
				947DC89C17B9D1C100F2128F /* SDAppClientProxy.m in Sources */,
				947DC89F17B9D1D100F2128F /* SDScreenClientProxy.m in Sources */,
				94BC236317BA150800BB4FDF /* SDBoxWindowController.m in Sources */,
				9458EC5017BA79610077CBB8 /* SDMouseFollower.m in Sources */,
			);
			runOnlyForDeploymentPostprocessing = 0;
		};
/* End PBXSourcesBuildPhase section */

/* Begin PBXTargetDependency section */
		941CA64D17AFDA3C004B6E2A /* PBXTargetDependency */ = {
			isa = PBXTargetDependency;
			name = zephjs;
			targetProxy = 941CA64C17AFDA3C004B6E2A /* PBXContainerItemProxy */;
		};
/* End PBXTargetDependency section */

/* Begin PBXVariantGroup section */
		94873F3617191F40000AC0A6 /* InfoPlist.strings */ = {
			isa = PBXVariantGroup;
			children = (
				94873F3717191F40000AC0A6 /* en */,
			);
			name = InfoPlist.strings;
			sourceTree = "<group>";
		};
		94873F4217191F40000AC0A6 /* MainMenu.xib */ = {
			isa = PBXVariantGroup;
			children = (
				94873F4317191F40000AC0A6 /* en */,
			);
			name = MainMenu.xib;
			sourceTree = "<group>";
		};
/* End PBXVariantGroup section */

/* Begin XCBuildConfiguration section */
		94873F4517191F40000AC0A6 /* Debug */ = {
			isa = XCBuildConfiguration;
			buildSettings = {
				ALWAYS_SEARCH_USER_PATHS = NO;
				ARCHS = "$(ARCHS_STANDARD_64_BIT)";
				CLANG_CXX_LANGUAGE_STANDARD = "gnu++0x";
				CLANG_CXX_LIBRARY = "libc++";
				CLANG_ENABLE_OBJC_ARC = YES;
				CLANG_WARN_CONSTANT_CONVERSION = YES;
				CLANG_WARN_EMPTY_BODY = YES;
				CLANG_WARN_ENUM_CONVERSION = YES;
				CLANG_WARN_INT_CONVERSION = YES;
				CLANG_WARN__DUPLICATE_METHOD_MATCH = YES;
				COPY_PHASE_STRIP = NO;
				GCC_C_LANGUAGE_STANDARD = gnu99;
				GCC_DYNAMIC_NO_PIC = NO;
				GCC_ENABLE_OBJC_EXCEPTIONS = YES;
				GCC_OPTIMIZATION_LEVEL = 0;
				GCC_PREPROCESSOR_DEFINITIONS = (
					"DEBUG=1",
					"$(inherited)",
				);
				GCC_SYMBOLS_PRIVATE_EXTERN = NO;
				GCC_WARN_64_TO_32_BIT_CONVERSION = YES;
				GCC_WARN_ABOUT_RETURN_TYPE = YES;
				GCC_WARN_UNINITIALIZED_AUTOS = YES;
				GCC_WARN_UNUSED_VARIABLE = YES;
				MACOSX_DEPLOYMENT_TARGET = 10.8;
				ONLY_ACTIVE_ARCH = YES;
				SDKROOT = macosx;
			};
			name = Debug;
		};
		94873F4617191F40000AC0A6 /* Release */ = {
			isa = XCBuildConfiguration;
			buildSettings = {
				ALWAYS_SEARCH_USER_PATHS = NO;
				ARCHS = "$(ARCHS_STANDARD_64_BIT)";
				CLANG_CXX_LANGUAGE_STANDARD = "gnu++0x";
				CLANG_CXX_LIBRARY = "libc++";
				CLANG_ENABLE_OBJC_ARC = YES;
				CLANG_WARN_CONSTANT_CONVERSION = YES;
				CLANG_WARN_EMPTY_BODY = YES;
				CLANG_WARN_ENUM_CONVERSION = YES;
				CLANG_WARN_INT_CONVERSION = YES;
				CLANG_WARN__DUPLICATE_METHOD_MATCH = YES;
				COPY_PHASE_STRIP = YES;
				DEBUG_INFORMATION_FORMAT = "dwarf-with-dsym";
				GCC_C_LANGUAGE_STANDARD = gnu99;
				GCC_ENABLE_OBJC_EXCEPTIONS = YES;
				GCC_WARN_64_TO_32_BIT_CONVERSION = YES;
				GCC_WARN_ABOUT_RETURN_TYPE = YES;
				GCC_WARN_UNINITIALIZED_AUTOS = YES;
				GCC_WARN_UNUSED_VARIABLE = YES;
				MACOSX_DEPLOYMENT_TARGET = 10.8;
				SDKROOT = macosx;
			};
			name = Release;
		};
		94873F4817191F40000AC0A6 /* Debug */ = {
			isa = XCBuildConfiguration;
			buildSettings = {
				COMBINE_HIDPI_IMAGES = YES;
				FRAMEWORK_SEARCH_PATHS = (
					"$(inherited)",
					"\"$(SRCROOT)\"",
					"\"$(SRCROOT)/ThirdParty\"",
					"\"$(SRCROOT)/Zephyros\"",
					"\"$(SDKROOT)$(SYSTEM_LIBRARY_DIR)/Frameworks/Carbon.framework/Frameworks\"",
				);
				GCC_PRECOMPILE_PREFIX_HEADER = YES;
				GCC_PREFIX_HEADER = "Zephyros/Zephyros-Prefix.pch";
				INFOPLIST_FILE = "Zephyros/Zephyros-Info.plist";
				MACOSX_DEPLOYMENT_TARGET = 10.7;
				PRODUCT_NAME = "$(TARGET_NAME)";
				WRAPPER_EXTENSION = app;
			};
			name = Debug;
		};
		94873F4917191F40000AC0A6 /* Release */ = {
			isa = XCBuildConfiguration;
			buildSettings = {
				COMBINE_HIDPI_IMAGES = YES;
				FRAMEWORK_SEARCH_PATHS = (
					"$(inherited)",
					"\"$(SRCROOT)\"",
					"\"$(SRCROOT)/ThirdParty\"",
					"\"$(SRCROOT)/Zephyros\"",
					"\"$(SDKROOT)$(SYSTEM_LIBRARY_DIR)/Frameworks/Carbon.framework/Frameworks\"",
				);
				GCC_PRECOMPILE_PREFIX_HEADER = YES;
				GCC_PREFIX_HEADER = "Zephyros/Zephyros-Prefix.pch";
				INFOPLIST_FILE = "Zephyros/Zephyros-Info.plist";
				MACOSX_DEPLOYMENT_TARGET = 10.7;
				PRODUCT_NAME = "$(TARGET_NAME)";
				WRAPPER_EXTENSION = app;
			};
			name = Release;
		};
/* End XCBuildConfiguration section */

/* Begin XCConfigurationList section */
		94873F2517191F40000AC0A6 /* Build configuration list for PBXProject "Zephyros" */ = {
			isa = XCConfigurationList;
			buildConfigurations = (
				94873F4517191F40000AC0A6 /* Debug */,
				94873F4617191F40000AC0A6 /* Release */,
			);
			defaultConfigurationIsVisible = 0;
			defaultConfigurationName = Release;
		};
		94873F4717191F40000AC0A6 /* Build configuration list for PBXNativeTarget "Zephyros" */ = {
			isa = XCConfigurationList;
			buildConfigurations = (
				94873F4817191F40000AC0A6 /* Debug */,
				94873F4917191F40000AC0A6 /* Release */,
			);
			defaultConfigurationIsVisible = 0;
			defaultConfigurationName = Release;
		};
/* End XCConfigurationList section */
	};
	rootObject = 94873F2217191F40000AC0A6 /* Project object */;
}
